// !$*UTF8*$!
{
	archiveVersion = 1;
	classes = {
	};
	objectVersion = 56;
	objects = {

/* Begin PBXBuildFile section */
		520A3D9A2AEAD846000704A9 /* WelcomVC.swift in Sources */ = {isa = PBXBuildFile; fileRef = 520A3D992AEAD846000704A9 /* WelcomVC.swift */; };
		520A3D9C2AEAD86F000704A9 /* LoginVC.swift in Sources */ = {isa = PBXBuildFile; fileRef = 520A3D9B2AEAD86F000704A9 /* LoginVC.swift */; };
		520A3D9E2AEAD8A7000704A9 /* SignUpVC.swift in Sources */ = {isa = PBXBuildFile; fileRef = 520A3D9D2AEAD8A7000704A9 /* SignUpVC.swift */; };
		520A3DA92AEC29B6000704A9 /* String+trim.swift in Sources */ = {isa = PBXBuildFile; fileRef = 520A3DA82AEC29B6000704A9 /* String+trim.swift */; };
		520A3DAD2AEC2A48000704A9 /* UiViewController+Alert.swift in Sources */ = {isa = PBXBuildFile; fileRef = 520A3DAC2AEC2A48000704A9 /* UiViewController+Alert.swift */; };
		520A3DC02AEC2B50000704A9 /* UserDefaultsManager.swift in Sources */ = {isa = PBXBuildFile; fileRef = 520A3DBF2AEC2B50000704A9 /* UserDefaultsManager.swift */; };
		520A3DC22AEC2B6D000704A9 /* ValidationManager.swift in Sources */ = {isa = PBXBuildFile; fileRef = 520A3DC12AEC2B6D000704A9 /* ValidationManager.swift */; };
		520A3DC52AEC2BBF000704A9 /* constants.swift in Sources */ = {isa = PBXBuildFile; fileRef = 520A3DC42AEC2BBF000704A9 /* constants.swift */; };
		520A3DC82AEC2CBE000704A9 /* User.swift in Sources */ = {isa = PBXBuildFile; fileRef = 520A3DC72AEC2CBE000704A9 /* User.swift */; };
		522E3F5E2AE86BE3002C747F /* AppDelegate.swift in Sources */ = {isa = PBXBuildFile; fileRef = 522E3F5D2AE86BE3002C747F /* AppDelegate.swift */; };
		522E3F652AE86BE3002C747F /* Main.storyboard in Resources */ = {isa = PBXBuildFile; fileRef = 522E3F632AE86BE3002C747F /* Main.storyboard */; };
		522E3F672AE86BE5002C747F /* Assets.xcassets in Resources */ = {isa = PBXBuildFile; fileRef = 522E3F662AE86BE5002C747F /* Assets.xcassets */; };
		522E3F6A2AE86BE5002C747F /* LaunchScreen.storyboard in Resources */ = {isa = PBXBuildFile; fileRef = 522E3F682AE86BE5002C747F /* LaunchScreen.storyboard */; };
		522E3F752AE86BE5002C747F /* NectarTests.swift in Sources */ = {isa = PBXBuildFile; fileRef = 522E3F742AE86BE5002C747F /* NectarTests.swift */; };
		522E3F7F2AE86BE5002C747F /* NectarUITests.swift in Sources */ = {isa = PBXBuildFile; fileRef = 522E3F7E2AE86BE5002C747F /* NectarUITests.swift */; };
		522E3F812AE86BE5002C747F /* NectarUITestsLaunchTests.swift in Sources */ = {isa = PBXBuildFile; fileRef = 522E3F802AE86BE5002C747F /* NectarUITestsLaunchTests.swift */; };
/* End PBXBuildFile section */

/* Begin PBXContainerItemProxy section */
		522E3F712AE86BE5002C747F /* PBXContainerItemProxy */ = {
			isa = PBXContainerItemProxy;
			containerPortal = 522E3F522AE86BE3002C747F /* Project object */;
			proxyType = 1;
			remoteGlobalIDString = 522E3F592AE86BE3002C747F;
			remoteInfo = Nectar;
		};
		522E3F7B2AE86BE5002C747F /* PBXContainerItemProxy */ = {
			isa = PBXContainerItemProxy;
			containerPortal = 522E3F522AE86BE3002C747F /* Project object */;
			proxyType = 1;
			remoteGlobalIDString = 522E3F592AE86BE3002C747F;
			remoteInfo = Nectar;
		};
/* End PBXContainerItemProxy section */

/* Begin PBXFileReference section */
		520A3D992AEAD846000704A9 /* WelcomVC.swift */ = {isa = PBXFileReference; lastKnownFileType = sourcecode.swift; path = WelcomVC.swift; sourceTree = "<group>"; };
		520A3D9B2AEAD86F000704A9 /* LoginVC.swift */ = {isa = PBXFileReference; lastKnownFileType = sourcecode.swift; path = LoginVC.swift; sourceTree = "<group>"; };
		520A3D9D2AEAD8A7000704A9 /* SignUpVC.swift */ = {isa = PBXFileReference; lastKnownFileType = sourcecode.swift; path = SignUpVC.swift; sourceTree = "<group>"; };
		520A3DA82AEC29B6000704A9 /* String+trim.swift */ = {isa = PBXFileReference; lastKnownFileType = sourcecode.swift; path = "String+trim.swift"; sourceTree = "<group>"; };
		520A3DAC2AEC2A48000704A9 /* UiViewController+Alert.swift */ = {isa = PBXFileReference; lastKnownFileType = sourcecode.swift; path = "UiViewController+Alert.swift"; sourceTree = "<group>"; };
		520A3DBF2AEC2B50000704A9 /* UserDefaultsManager.swift */ = {isa = PBXFileReference; lastKnownFileType = sourcecode.swift; path = UserDefaultsManager.swift; sourceTree = "<group>"; };
		520A3DC12AEC2B6D000704A9 /* ValidationManager.swift */ = {isa = PBXFileReference; lastKnownFileType = sourcecode.swift; path = ValidationManager.swift; sourceTree = "<group>"; };
		520A3DC42AEC2BBF000704A9 /* constants.swift */ = {isa = PBXFileReference; lastKnownFileType = sourcecode.swift; path = constants.swift; sourceTree = "<group>"; };
		520A3DC72AEC2CBE000704A9 /* User.swift */ = {isa = PBXFileReference; lastKnownFileType = sourcecode.swift; path = User.swift; sourceTree = "<group>"; };
		522E3F5A2AE86BE3002C747F /* Nectar.app */ = {isa = PBXFileReference; explicitFileType = wrapper.application; includeInIndex = 0; path = Nectar.app; sourceTree = BUILT_PRODUCTS_DIR; };
		522E3F5D2AE86BE3002C747F /* AppDelegate.swift */ = {isa = PBXFileReference; lastKnownFileType = sourcecode.swift; path = AppDelegate.swift; sourceTree = "<group>"; };
		522E3F642AE86BE3002C747F /* Base */ = {isa = PBXFileReference; lastKnownFileType = file.storyboard; name = Base; path = Base.lproj/Main.storyboard; sourceTree = "<group>"; };
		522E3F662AE86BE5002C747F /* Assets.xcassets */ = {isa = PBXFileReference; lastKnownFileType = folder.assetcatalog; path = Assets.xcassets; sourceTree = "<group>"; };
		522E3F692AE86BE5002C747F /* Base */ = {isa = PBXFileReference; lastKnownFileType = file.storyboard; name = Base; path = Base.lproj/LaunchScreen.storyboard; sourceTree = "<group>"; };
		522E3F6B2AE86BE5002C747F /* Info.plist */ = {isa = PBXFileReference; lastKnownFileType = text.plist.xml; path = Info.plist; sourceTree = "<group>"; };
		522E3F702AE86BE5002C747F /* NectarTests.xctest */ = {isa = PBXFileReference; explicitFileType = wrapper.cfbundle; includeInIndex = 0; path = NectarTests.xctest; sourceTree = BUILT_PRODUCTS_DIR; };
		522E3F742AE86BE5002C747F /* NectarTests.swift */ = {isa = PBXFileReference; lastKnownFileType = sourcecode.swift; path = NectarTests.swift; sourceTree = "<group>"; };
		522E3F7A2AE86BE5002C747F /* NectarUITests.xctest */ = {isa = PBXFileReference; explicitFileType = wrapper.cfbundle; includeInIndex = 0; path = NectarUITests.xctest; sourceTree = BUILT_PRODUCTS_DIR; };
		522E3F7E2AE86BE5002C747F /* NectarUITests.swift */ = {isa = PBXFileReference; lastKnownFileType = sourcecode.swift; path = NectarUITests.swift; sourceTree = "<group>"; };
		522E3F802AE86BE5002C747F /* NectarUITestsLaunchTests.swift */ = {isa = PBXFileReference; lastKnownFileType = sourcecode.swift; path = NectarUITestsLaunchTests.swift; sourceTree = "<group>"; };
/* End PBXFileReference section */

/* Begin PBXFrameworksBuildPhase section */
		522E3F572AE86BE3002C747F /* Frameworks */ = {
			isa = PBXFrameworksBuildPhase;
			buildActionMask = 2147483647;
			files = (
			);
			runOnlyForDeploymentPostprocessing = 0;
		};
		522E3F6D2AE86BE5002C747F /* Frameworks */ = {
			isa = PBXFrameworksBuildPhase;
			buildActionMask = 2147483647;
			files = (
			);
			runOnlyForDeploymentPostprocessing = 0;
		};
		522E3F772AE86BE5002C747F /* Frameworks */ = {
			isa = PBXFrameworksBuildPhase;
			buildActionMask = 2147483647;
			files = (
			);
			runOnlyForDeploymentPostprocessing = 0;
		};
/* End PBXFrameworksBuildPhase section */

/* Begin PBXGroup section */
		520A3D982AEAD80E000704A9 /* View */ = {
			isa = PBXGroup;
			children = (
				520A3D992AEAD846000704A9 /* WelcomVC.swift */,
				520A3D9B2AEAD86F000704A9 /* LoginVC.swift */,
				520A3D9D2AEAD8A7000704A9 /* SignUpVC.swift */,
			);
			path = View;
			sourceTree = "<group>";
		};
		520A3DA32AEC2986000704A9 /* Extensions */ = {
			isa = PBXGroup;
			children = (
				520A3DA82AEC29B6000704A9 /* String+trim.swift */,
				520A3DAC2AEC2A48000704A9 /* UiViewController+Alert.swift */,
			);
			path = Extensions;
			sourceTree = "<group>";
		};
		520A3DB22AEC2AC0000704A9 /* Managers */ = {
			isa = PBXGroup;
			children = (
				520A3DBF2AEC2B50000704A9 /* UserDefaultsManager.swift */,
				520A3DC12AEC2B6D000704A9 /* ValidationManager.swift */,
			);
			path = Managers;
			sourceTree = "<group>";
		};
		520A3DC32AEC2B9D000704A9 /* Utilities */ = {
			isa = PBXGroup;
			children = (
				520A3DC42AEC2BBF000704A9 /* constants.swift */,
			);
			path = Utilities;
			sourceTree = "<group>";
		};
		520A3DC62AEC2CA3000704A9 /* Models */ = {
			isa = PBXGroup;
			children = (
				520A3DC72AEC2CBE000704A9 /* User.swift */,
			);
			path = Models;
			sourceTree = "<group>";
		};
		522E3F512AE86BE3002C747F = {
			isa = PBXGroup;
			children = (
				522E3F5C2AE86BE3002C747F /* Nectar */,
				522E3F732AE86BE5002C747F /* NectarTests */,
				522E3F7D2AE86BE5002C747F /* NectarUITests */,
				522E3F5B2AE86BE3002C747F /* Products */,
			);
			sourceTree = "<group>";
		};
		522E3F5B2AE86BE3002C747F /* Products */ = {
			isa = PBXGroup;
			children = (
				522E3F5A2AE86BE3002C747F /* Nectar.app */,
				522E3F702AE86BE5002C747F /* NectarTests.xctest */,
				522E3F7A2AE86BE5002C747F /* NectarUITests.xctest */,
			);
			name = Products;
			sourceTree = "<group>";
		};
		522E3F5C2AE86BE3002C747F /* Nectar */ = {
			isa = PBXGroup;
			children = (
				522E3F5D2AE86BE3002C747F /* AppDelegate.swift */,
				520A3DC62AEC2CA3000704A9 /* Models */,
				520A3DC32AEC2B9D000704A9 /* Utilities */,
				520A3DB22AEC2AC0000704A9 /* Managers */,
				520A3DA32AEC2986000704A9 /* Extensions */,
				520A3D982AEAD80E000704A9 /* View */,
				522E3F632AE86BE3002C747F /* Main.storyboard */,
				522E3F662AE86BE5002C747F /* Assets.xcassets */,
				522E3F682AE86BE5002C747F /* LaunchScreen.storyboard */,
				522E3F6B2AE86BE5002C747F /* Info.plist */,
			);
			path = Nectar;
			sourceTree = "<group>";
		};
		522E3F732AE86BE5002C747F /* NectarTests */ = {
			isa = PBXGroup;
			children = (
				522E3F742AE86BE5002C747F /* NectarTests.swift */,
			);
			path = NectarTests;
			sourceTree = "<group>";
		};
		522E3F7D2AE86BE5002C747F /* NectarUITests */ = {
			isa = PBXGroup;
			children = (
				522E3F7E2AE86BE5002C747F /* NectarUITests.swift */,
				522E3F802AE86BE5002C747F /* NectarUITestsLaunchTests.swift */,
			);
			path = NectarUITests;
			sourceTree = "<group>";
		};
/* End PBXGroup section */

/* Begin PBXNativeTarget section */
		522E3F592AE86BE3002C747F /* Nectar */ = {
			isa = PBXNativeTarget;
			buildConfigurationList = 522E3F842AE86BE5002C747F /* Build configuration list for PBXNativeTarget "Nectar" */;
			buildPhases = (
				522E3F562AE86BE3002C747F /* Sources */,
				522E3F572AE86BE3002C747F /* Frameworks */,
				522E3F582AE86BE3002C747F /* Resources */,
			);
			buildRules = (
			);
			dependencies = (
			);
			name = Nectar;
			productName = Nectar;
			productReference = 522E3F5A2AE86BE3002C747F /* Nectar.app */;
			productType = "com.apple.product-type.application";
		};
		522E3F6F2AE86BE5002C747F /* NectarTests */ = {
			isa = PBXNativeTarget;
			buildConfigurationList = 522E3F872AE86BE5002C747F /* Build configuration list for PBXNativeTarget "NectarTests" */;
			buildPhases = (
				522E3F6C2AE86BE5002C747F /* Sources */,
				522E3F6D2AE86BE5002C747F /* Frameworks */,
				522E3F6E2AE86BE5002C747F /* Resources */,
			);
			buildRules = (
			);
			dependencies = (
				522E3F722AE86BE5002C747F /* PBXTargetDependency */,
			);
			name = NectarTests;
			productName = NectarTests;
			productReference = 522E3F702AE86BE5002C747F /* NectarTests.xctest */;
			productType = "com.apple.product-type.bundle.unit-test";
		};
		522E3F792AE86BE5002C747F /* NectarUITests */ = {
			isa = PBXNativeTarget;
			buildConfigurationList = 522E3F8A2AE86BE5002C747F /* Build configuration list for PBXNativeTarget "NectarUITests" */;
			buildPhases = (
				522E3F762AE86BE5002C747F /* Sources */,
				522E3F772AE86BE5002C747F /* Frameworks */,
				522E3F782AE86BE5002C747F /* Resources */,
			);
			buildRules = (
			);
			dependencies = (
				522E3F7C2AE86BE5002C747F /* PBXTargetDependency */,
			);
			name = NectarUITests;
			productName = NectarUITests;
			productReference = 522E3F7A2AE86BE5002C747F /* NectarUITests.xctest */;
			productType = "com.apple.product-type.bundle.ui-testing";
		};
/* End PBXNativeTarget section */

/* Begin PBXProject section */
		522E3F522AE86BE3002C747F /* Project object */ = {
			isa = PBXProject;
			attributes = {
				BuildIndependentTargetsInParallel = 1;
				LastSwiftUpdateCheck = 1500;
				LastUpgradeCheck = 1500;
				TargetAttributes = {
					522E3F592AE86BE3002C747F = {
						CreatedOnToolsVersion = 15.0.1;
					};
					522E3F6F2AE86BE5002C747F = {
						CreatedOnToolsVersion = 15.0.1;
						TestTargetID = 522E3F592AE86BE3002C747F;
					};
					522E3F792AE86BE5002C747F = {
						CreatedOnToolsVersion = 15.0.1;
						TestTargetID = 522E3F592AE86BE3002C747F;
					};
				};
			};
			buildConfigurationList = 522E3F552AE86BE3002C747F /* Build configuration list for PBXProject "Nectar" */;
			compatibilityVersion = "Xcode 14.0";
			developmentRegion = en;
			hasScannedForEncodings = 0;
			knownRegions = (
				en,
				Base,
			);
			mainGroup = 522E3F512AE86BE3002C747F;
			productRefGroup = 522E3F5B2AE86BE3002C747F /* Products */;
			projectDirPath = "";
			projectRoot = "";
			targets = (
				522E3F592AE86BE3002C747F /* Nectar */,
				522E3F6F2AE86BE5002C747F /* NectarTests */,
				522E3F792AE86BE5002C747F /* NectarUITests */,
			);
		};
/* End PBXProject section */

/* Begin PBXResourcesBuildPhase section */
		522E3F582AE86BE3002C747F /* Resources */ = {
			isa = PBXResourcesBuildPhase;
			buildActionMask = 2147483647;
			files = (
				522E3F6A2AE86BE5002C747F /* LaunchScreen.storyboard in Resources */,
				522E3F672AE86BE5002C747F /* Assets.xcassets in Resources */,
				522E3F652AE86BE3002C747F /* Main.storyboard in Resources */,
			);
			runOnlyForDeploymentPostprocessing = 0;
		};
		522E3F6E2AE86BE5002C747F /* Resources */ = {
			isa = PBXResourcesBuildPhase;
			buildActionMask = 2147483647;
			files = (
			);
			runOnlyForDeploymentPostprocessing = 0;
		};
		522E3F782AE86BE5002C747F /* Resources */ = {
			isa = PBXResourcesBuildPhase;
			buildActionMask = 2147483647;
			files = (
			);
			runOnlyForDeploymentPostprocessing = 0;
		};
/* End PBXResourcesBuildPhase section */

/* Begin PBXSourcesBuildPhase section */
		522E3F562AE86BE3002C747F /* Sources */ = {
			isa = PBXSourcesBuildPhase;
			buildActionMask = 2147483647;
			files = (
				520A3DC22AEC2B6D000704A9 /* ValidationManager.swift in Sources */,
				520A3DA92AEC29B6000704A9 /* String+trim.swift in Sources */,
				520A3DC52AEC2BBF000704A9 /* constants.swift in Sources */,
				520A3D9E2AEAD8A7000704A9 /* SignUpVC.swift in Sources */,
				522E3F5E2AE86BE3002C747F /* AppDelegate.swift in Sources */,
				520A3DC02AEC2B50000704A9 /* UserDefaultsManager.swift in Sources */,
				520A3D9A2AEAD846000704A9 /* WelcomVC.swift in Sources */,
				520A3DAD2AEC2A48000704A9 /* UiViewController+Alert.swift in Sources */,
				520A3DC82AEC2CBE000704A9 /* User.swift in Sources */,
				520A3D9C2AEAD86F000704A9 /* LoginVC.swift in Sources */,
			);
			runOnlyForDeploymentPostprocessing = 0;
		};
		522E3F6C2AE86BE5002C747F /* Sources */ = {
			isa = PBXSourcesBuildPhase;
			buildActionMask = 2147483647;
			files = (
				522E3F752AE86BE5002C747F /* NectarTests.swift in Sources */,
			);
			runOnlyForDeploymentPostprocessing = 0;
		};
		522E3F762AE86BE5002C747F /* Sources */ = {
			isa = PBXSourcesBuildPhase;
			buildActionMask = 2147483647;
			files = (
				522E3F7F2AE86BE5002C747F /* NectarUITests.swift in Sources */,
				522E3F812AE86BE5002C747F /* NectarUITestsLaunchTests.swift in Sources */,
			);
			runOnlyForDeploymentPostprocessing = 0;
		};
/* End PBXSourcesBuildPhase section */

/* Begin PBXTargetDependency section */
		522E3F722AE86BE5002C747F /* PBXTargetDependency */ = {
			isa = PBXTargetDependency;
			target = 522E3F592AE86BE3002C747F /* Nectar */;
			targetProxy = 522E3F712AE86BE5002C747F /* PBXContainerItemProxy */;
		};
		522E3F7C2AE86BE5002C747F /* PBXTargetDependency */ = {
			isa = PBXTargetDependency;
			target = 522E3F592AE86BE3002C747F /* Nectar */;
			targetProxy = 522E3F7B2AE86BE5002C747F /* PBXContainerItemProxy */;
		};
/* End PBXTargetDependency section */

/* Begin PBXVariantGroup section */
		522E3F632AE86BE3002C747F /* Main.storyboard */ = {
			isa = PBXVariantGroup;
			children = (
				522E3F642AE86BE3002C747F /* Base */,
			);
			name = Main.storyboard;
			sourceTree = "<group>";
		};
		522E3F682AE86BE5002C747F /* LaunchScreen.storyboard */ = {
			isa = PBXVariantGroup;
			children = (
				522E3F692AE86BE5002C747F /* Base */,
			);
			name = LaunchScreen.storyboard;
			sourceTree = "<group>";
		};
/* End PBXVariantGroup section */

/* Begin XCBuildConfiguration section */
		522E3F822AE86BE5002C747F /* Debug */ = {
			isa = XCBuildConfiguration;
			buildSettings = {
				ALWAYS_SEARCH_USER_PATHS = NO;
				ASSETCATALOG_COMPILER_GENERATE_SWIFT_ASSET_SYMBOL_EXTENSIONS = YES;
				CLANG_ANALYZER_NONNULL = YES;
				CLANG_ANALYZER_NUMBER_OBJECT_CONVERSION = YES_AGGRESSIVE;
				CLANG_CXX_LANGUAGE_STANDARD = "gnu++20";
				CLANG_ENABLE_MODULES = YES;
				CLANG_ENABLE_OBJC_ARC = YES;
				CLANG_ENABLE_OBJC_WEAK = YES;
				CLANG_WARN_BLOCK_CAPTURE_AUTORELEASING = YES;
				CLANG_WARN_BOOL_CONVERSION = YES;
				CLANG_WARN_COMMA = YES;
				CLANG_WARN_CONSTANT_CONVERSION = YES;
				CLANG_WARN_DEPRECATED_OBJC_IMPLEMENTATIONS = YES;
				CLANG_WARN_DIRECT_OBJC_ISA_USAGE = YES_ERROR;
				CLANG_WARN_DOCUMENTATION_COMMENTS = YES;
				CLANG_WARN_EMPTY_BODY = YES;
				CLANG_WARN_ENUM_CONVERSION = YES;
				CLANG_WARN_INFINITE_RECURSION = YES;
				CLANG_WARN_INT_CONVERSION = YES;
				CLANG_WARN_NON_LITERAL_NULL_CONVERSION = YES;
				CLANG_WARN_OBJC_IMPLICIT_RETAIN_SELF = YES;
				CLANG_WARN_OBJC_LITERAL_CONVERSION = YES;
				CLANG_WARN_OBJC_ROOT_CLASS = YES_ERROR;
				CLANG_WARN_QUOTED_INCLUDE_IN_FRAMEWORK_HEADER = YES;
				CLANG_WARN_RANGE_LOOP_ANALYSIS = YES;
				CLANG_WARN_STRICT_PROTOTYPES = YES;
				CLANG_WARN_SUSPICIOUS_MOVE = YES;
				CLANG_WARN_UNGUARDED_AVAILABILITY = YES_AGGRESSIVE;
				CLANG_WARN_UNREACHABLE_CODE = YES;
				CLANG_WARN__DUPLICATE_METHOD_MATCH = YES;
				COPY_PHASE_STRIP = NO;
				DEBUG_INFORMATION_FORMAT = dwarf;
				ENABLE_STRICT_OBJC_MSGSEND = YES;
				ENABLE_TESTABILITY = YES;
				ENABLE_USER_SCRIPT_SANDBOXING = YES;
				GCC_C_LANGUAGE_STANDARD = gnu17;
				GCC_DYNAMIC_NO_PIC = NO;
				GCC_NO_COMMON_BLOCKS = YES;
				GCC_OPTIMIZATION_LEVEL = 0;
				GCC_PREPROCESSOR_DEFINITIONS = (
					"DEBUG=1",
					"$(inherited)",
				);
				GCC_WARN_64_TO_32_BIT_CONVERSION = YES;
				GCC_WARN_ABOUT_RETURN_TYPE = YES_ERROR;
				GCC_WARN_UNDECLARED_SELECTOR = YES;
				GCC_WARN_UNINITIALIZED_AUTOS = YES_AGGRESSIVE;
				GCC_WARN_UNUSED_FUNCTION = YES;
				GCC_WARN_UNUSED_VARIABLE = YES;
				IPHONEOS_DEPLOYMENT_TARGET = 17.0;
				LOCALIZATION_PREFERS_STRING_CATALOGS = YES;
				MTL_ENABLE_DEBUG_INFO = INCLUDE_SOURCE;
				MTL_FAST_MATH = YES;
				ONLY_ACTIVE_ARCH = YES;
				SDKROOT = iphoneos;
				SWIFT_ACTIVE_COMPILATION_CONDITIONS = "DEBUG $(inherited)";
				SWIFT_OPTIMIZATION_LEVEL = "-Onone";
			};
			name = Debug;
		};
		522E3F832AE86BE5002C747F /* Release */ = {
			isa = XCBuildConfiguration;
			buildSettings = {
				ALWAYS_SEARCH_USER_PATHS = NO;
				ASSETCATALOG_COMPILER_GENERATE_SWIFT_ASSET_SYMBOL_EXTENSIONS = YES;
				CLANG_ANALYZER_NONNULL = YES;
				CLANG_ANALYZER_NUMBER_OBJECT_CONVERSION = YES_AGGRESSIVE;
				CLANG_CXX_LANGUAGE_STANDARD = "gnu++20";
				CLANG_ENABLE_MODULES = YES;
				CLANG_ENABLE_OBJC_ARC = YES;
				CLANG_ENABLE_OBJC_WEAK = YES;
				CLANG_WARN_BLOCK_CAPTURE_AUTORELEASING = YES;
				CLANG_WARN_BOOL_CONVERSION = YES;
				CLANG_WARN_COMMA = YES;
				CLANG_WARN_CONSTANT_CONVERSION = YES;
				CLANG_WARN_DEPRECATED_OBJC_IMPLEMENTATIONS = YES;
				CLANG_WARN_DIRECT_OBJC_ISA_USAGE = YES_ERROR;
				CLANG_WARN_DOCUMENTATION_COMMENTS = YES;
				CLANG_WARN_EMPTY_BODY = YES;
				CLANG_WARN_ENUM_CONVERSION = YES;
				CLANG_WARN_INFINITE_RECURSION = YES;
				CLANG_WARN_INT_CONVERSION = YES;
				CLANG_WARN_NON_LITERAL_NULL_CONVERSION = YES;
				CLANG_WARN_OBJC_IMPLICIT_RETAIN_SELF = YES;
				CLANG_WARN_OBJC_LITERAL_CONVERSION = YES;
				CLANG_WARN_OBJC_ROOT_CLASS = YES_ERROR;
				CLANG_WARN_QUOTED_INCLUDE_IN_FRAMEWORK_HEADER = YES;
				CLANG_WARN_RANGE_LOOP_ANALYSIS = YES;
				CLANG_WARN_STRICT_PROTOTYPES = YES;
				CLANG_WARN_SUSPICIOUS_MOVE = YES;
				CLANG_WARN_UNGUARDED_AVAILABILITY = YES_AGGRESSIVE;
				CLANG_WARN_UNREACHABLE_CODE = YES;
				CLANG_WARN__DUPLICATE_METHOD_MATCH = YES;
				COPY_PHASE_STRIP = NO;
				DEBUG_INFORMATION_FORMAT = "dwarf-with-dsym";
				ENABLE_NS_ASSERTIONS = NO;
				ENABLE_STRICT_OBJC_MSGSEND = YES;
				ENABLE_USER_SCRIPT_SANDBOXING = YES;
				GCC_C_LANGUAGE_STANDARD = gnu17;
				GCC_NO_COMMON_BLOCKS = YES;
				GCC_WARN_64_TO_32_BIT_CONVERSION = YES;
				GCC_WARN_ABOUT_RETURN_TYPE = YES_ERROR;
				GCC_WARN_UNDECLARED_SELECTOR = YES;
				GCC_WARN_UNINITIALIZED_AUTOS = YES_AGGRESSIVE;
				GCC_WARN_UNUSED_FUNCTION = YES;
				GCC_WARN_UNUSED_VARIABLE = YES;
				IPHONEOS_DEPLOYMENT_TARGET = 17.0;
				LOCALIZATION_PREFERS_STRING_CATALOGS = YES;
				MTL_ENABLE_DEBUG_INFO = NO;
				MTL_FAST_MATH = YES;
				SDKROOT = iphoneos;
				SWIFT_COMPILATION_MODE = wholemodule;
				VALIDATE_PRODUCT = YES;
			};
			name = Release;
		};
		522E3F852AE86BE5002C747F /* Debug */ = {
			isa = XCBuildConfiguration;
			buildSettings = {
				ASSETCATALOG_COMPILER_APPICON_NAME = AppIcon;
				ASSETCATALOG_COMPILER_GLOBAL_ACCENT_COLOR_NAME = AccentColor;
				ASSETCATALOG_COMPILER_INCLUDE_ALL_APPICON_ASSETS = NO;
				CODE_SIGN_IDENTITY = "Apple Development";
				CODE_SIGN_STYLE = Automatic;
				CURRENT_PROJECT_VERSION = 1;
				DEVELOPMENT_TEAM = KVAQL3787K;
				GENERATE_INFOPLIST_FILE = YES;
				INFOPLIST_FILE = Nectar/Info.plist;
				INFOPLIST_KEY_UIApplicationSupportsIndirectInputEvents = YES;
				INFOPLIST_KEY_UILaunchStoryboardName = LaunchScreen.storyboard;
				INFOPLIST_KEY_UIMainStoryboardFile = Main;
				INFOPLIST_KEY_UISupportedInterfaceOrientations_iPad = "UIInterfaceOrientationPortrait UIInterfaceOrientationPortraitUpsideDown UIInterfaceOrientationLandscapeLeft UIInterfaceOrientationLandscapeRight";
				INFOPLIST_KEY_UISupportedInterfaceOrientations_iPhone = "UIInterfaceOrientationPortrait UIInterfaceOrientationLandscapeLeft UIInterfaceOrientationLandscapeRight";
				LD_RUNPATH_SEARCH_PATHS = (
					"$(inherited)",
					"@executable_path/Frameworks",
				);
				MARKETING_VERSION = 1.0;
				PRODUCT_BUNDLE_IDENTIFIER = com.Nectar.Nectar;
				PRODUCT_NAME = "$(TARGET_NAME)";
				PROVISIONING_PROFILE_SPECIFIER = "";
				SWIFT_EMIT_LOC_STRINGS = YES;
				SWIFT_VERSION = 5.0;
				TARGETED_DEVICE_FAMILY = "1,2";
			};
			name = Debug;
		};
		522E3F862AE86BE5002C747F /* Release */ = {
			isa = XCBuildConfiguration;
			buildSettings = {
				ASSETCATALOG_COMPILER_APPICON_NAME = AppIcon;
				ASSETCATALOG_COMPILER_GLOBAL_ACCENT_COLOR_NAME = AccentColor;
				ASSETCATALOG_COMPILER_INCLUDE_ALL_APPICON_ASSETS = NO;
				CODE_SIGN_IDENTITY = "Apple Development";
				CODE_SIGN_STYLE = Automatic;
				CURRENT_PROJECT_VERSION = 1;
				DEVELOPMENT_TEAM = KVAQL3787K;
				GENERATE_INFOPLIST_FILE = YES;
				INFOPLIST_FILE = Nectar/Info.plist;
				INFOPLIST_KEY_UIApplicationSupportsIndirectInputEvents = YES;
				INFOPLIST_KEY_UILaunchStoryboardName = LaunchScreen.storyboard;
				INFOPLIST_KEY_UIMainStoryboardFile = Main;
				INFOPLIST_KEY_UISupportedInterfaceOrientations_iPad = "UIInterfaceOrientationPortrait UIInterfaceOrientationPortraitUpsideDown UIInterfaceOrientationLandscapeLeft UIInterfaceOrientationLandscapeRight";
				INFOPLIST_KEY_UISupportedInterfaceOrientations_iPhone = "UIInterfaceOrientationPortrait UIInterfaceOrientationLandscapeLeft UIInterfaceOrientationLandscapeRight";
				LD_RUNPATH_SEARCH_PATHS = (
					"$(inherited)",
					"@executable_path/Frameworks",
				);
				MARKETING_VERSION = 1.0;
				PRODUCT_BUNDLE_IDENTIFIER = com.Nectar.Nectar;
				PRODUCT_NAME = "$(TARGET_NAME)";
				PROVISIONING_PROFILE_SPECIFIER = "";
				SWIFT_EMIT_LOC_STRINGS = YES;
				SWIFT_VERSION = 5.0;
				TARGETED_DEVICE_FAMILY = "1,2";
			};
			name = Release;
		};
		522E3F882AE86BE5002C747F /* Debug */ = {
			isa = XCBuildConfiguration;
			buildSettings = {
				ALWAYS_EMBED_SWIFT_STANDARD_LIBRARIES = YES;
				BUNDLE_LOADER = "$(TEST_HOST)";
				CODE_SIGN_STYLE = Automatic;
				CURRENT_PROJECT_VERSION = 1;
				GENERATE_INFOPLIST_FILE = YES;
				IPHONEOS_DEPLOYMENT_TARGET = 17.0;
				MARKETING_VERSION = 1.0;
				PRODUCT_BUNDLE_IDENTIFIER = com.Nectar.NectarTests;
				PRODUCT_NAME = "$(TARGET_NAME)";
				SWIFT_EMIT_LOC_STRINGS = NO;
				SWIFT_VERSION = 5.0;
				TARGETED_DEVICE_FAMILY = "1,2";
				TEST_HOST = "$(BUILT_PRODUCTS_DIR)/Nectar.app/$(BUNDLE_EXECUTABLE_FOLDER_PATH)/Nectar";
			};
			name = Debug;
		};
		522E3F892AE86BE5002C747F /* Release */ = {
			isa = XCBuildConfiguration;
			buildSettings = {
				ALWAYS_EMBED_SWIFT_STANDARD_LIBRARIES = YES;
				BUNDLE_LOADER = "$(TEST_HOST)";
				CODE_SIGN_STYLE = Automatic;
				CURRENT_PROJECT_VERSION = 1;
				GENERATE_INFOPLIST_FILE = YES;
				IPHONEOS_DEPLOYMENT_TARGET = 17.0;
				MARKETING_VERSION = 1.0;
				PRODUCT_BUNDLE_IDENTIFIER = com.Nectar.NectarTests;
				PRODUCT_NAME = "$(TARGET_NAME)";
				SWIFT_EMIT_LOC_STRINGS = NO;
				SWIFT_VERSION = 5.0;
				TARGETED_DEVICE_FAMILY = "1,2";
				TEST_HOST = "$(BUILT_PRODUCTS_DIR)/Nectar.app/$(BUNDLE_EXECUTABLE_FOLDER_PATH)/Nectar";
			};
			name = Release;
		};
		522E3F8B2AE86BE5002C747F /* Debug */ = {
			isa = XCBuildConfiguration;
			buildSettings = {
				ALWAYS_EMBED_SWIFT_STANDARD_LIBRARIES = YES;
				CODE_SIGN_STYLE = Automatic;
				CURRENT_PROJECT_VERSION = 1;
				GENERATE_INFOPLIST_FILE = YES;
				MARKETING_VERSION = 1.0;
				PRODUCT_BUNDLE_IDENTIFIER = com.Nectar.NectarUITests;
				PRODUCT_NAME = "$(TARGET_NAME)";
				SWIFT_EMIT_LOC_STRINGS = NO;
				SWIFT_VERSION = 5.0;
				TARGETED_DEVICE_FAMILY = "1,2";
				TEST_TARGET_NAME = Nectar;
			};
			name = Debug;
		};
		522E3F8C2AE86BE5002C747F /* Release */ = {
			isa = XCBuildConfiguration;
			buildSettings = {
				ALWAYS_EMBED_SWIFT_STANDARD_LIBRARIES = YES;
				CODE_SIGN_STYLE = Automatic;
				CURRENT_PROJECT_VERSION = 1;
				GENERATE_INFOPLIST_FILE = YES;
				MARKETING_VERSION = 1.0;
				PRODUCT_BUNDLE_IDENTIFIER = com.Nectar.NectarUITests;
				PRODUCT_NAME = "$(TARGET_NAME)";
				SWIFT_EMIT_LOC_STRINGS = NO;
				SWIFT_VERSION = 5.0;
				TARGETED_DEVICE_FAMILY = "1,2";
				TEST_TARGET_NAME = Nectar;
			};
			name = Release;
		};
/* End XCBuildConfiguration section */

/* Begin XCConfigurationList section */
		522E3F552AE86BE3002C747F /* Build configuration list for PBXProject "Nectar" */ = {
			isa = XCConfigurationList;
			buildConfigurations = (
				522E3F822AE86BE5002C747F /* Debug */,
				522E3F832AE86BE5002C747F /* Release */,
			);
			defaultConfigurationIsVisible = 0;
			defaultConfigurationName = Release;
		};
		522E3F842AE86BE5002C747F /* Build configuration list for PBXNativeTarget "Nectar" */ = {
			isa = XCConfigurationList;
			buildConfigurations = (
				522E3F852AE86BE5002C747F /* Debug */,
				522E3F862AE86BE5002C747F /* Release */,
			);
			defaultConfigurationIsVisible = 0;
			defaultConfigurationName = Release;
		};
		522E3F872AE86BE5002C747F /* Build configuration list for PBXNativeTarget "NectarTests" */ = {
			isa = XCConfigurationList;
			buildConfigurations = (
				522E3F882AE86BE5002C747F /* Debug */,
				522E3F892AE86BE5002C747F /* Release */,
			);
			defaultConfigurationIsVisible = 0;
			defaultConfigurationName = Release;
		};
		522E3F8A2AE86BE5002C747F /* Build configuration list for PBXNativeTarget "NectarUITests" */ = {
			isa = XCConfigurationList;
			buildConfigurations = (
				522E3F8B2AE86BE5002C747F /* Debug */,
				522E3F8C2AE86BE5002C747F /* Release */,
			);
			defaultConfigurationIsVisible = 0;
			defaultConfigurationName = Release;
		};
/* End XCConfigurationList section */
	};
	rootObject = 522E3F522AE86BE3002C747F /* Project object */;
}
